{
  "name": "twilio-openai-voice-server",
  "version": "1.0.0",
  "lockfileVersion": 3,
  "requires": true,
  "packages": {
    "": {
      "name": "twilio-openai-voice-server",
      "version": "1.0.0",
      "license": "ISC",
      "dependencies": {
        "@fastify/formbody": "^8.0.0",
        "@fastify/websocket": "^11.0.0",
        "dotenv": "^16.4.5",
        "fastify": "^5.0.0",
        "ws": "^8.18.0"
      },
      "devDependencies": {
        "nodemon": "^3.0.2"
      },
      "engines": {
        "node": ">=18.0.0"
      }
    },
    "node_modules/@fastify/formbody": {
      "version": "8.0.0",
      "resolved": "https://registry.npmjs.org/@fastify/formbody/-/formbody-8.0.0.tgz",
      "integrity": "sha512-1DdgsVBUWFfSdIdJPg4cfr9tczVFy8OHq/Xe5t7FaDPdMuDmjKsJCiQ5pKhp/Y4IFhS1VKQV3iXHNNMjDjkZLg==",
      "dependencies": {
        "@fastify/error": "^4.0.0",
        "fast-querystring": "^1.0.0"
      },
      "engines": {
        "node": ">=18"
      }
    },
    "node_modules/@fastify/websocket": {
      "version": "11.0.0",
      "resolved": "https://registry.npmjs.org/@fastify/websocket/-/websocket-11.0.0.tgz",
      "integrity": "sha512-H2jTxUG2z5OylSEcFZ1sDKKrYUnqfR8fZ/sInNXoXpzjczpIgILECGHxxWlhSCLt6h1iZIH6R6C6T2qqRUl8bg==",
      "dependencies": {
        "@fastify/error": "^4.0.0",
        "fastify-plugin": "^5.0.0",
        "ws": "^8.14.2"
      },
      "engines": {
        "node": ">=18"
      }
    },
    "node_modules/@fastify/error": {
      "version": "4.0.0",
      "resolved": "https://registry.npmjs.org/@fastify/error/-/error-4.0.0.tgz",
      "integrity": "sha512-OO/SA8As24JtT1usTUdNVIreyMdKCLTzUhpWKOOw0mod7UvLhGKq3vfEU6mjNilSw3j7kXhL8aMwl0gWYcY/6A==",
      "engines": {
        "node": ">=18"
      }
    },
    "node_modules/dotenv": {
      "version": "16.4.5",
      "resolved": "https://registry.npmjs.org/dotenv/-/dotenv-16.4.5.tgz",
      "integrity": "sha512-ZmdL2rui+eB2YwhsWzjInR8LldtZHGDoQ1ugH85ppHKwpUHL7j7rN0Ti9NCnGiQbhaZ11FpR+7ao1dNsmduNUg==",
      "engines": {
        "node": ">=12"
      },
      "funding": {
        "url": "https://github.com/motdotla/dotenv?sponsor=1"
      }
    },
    "node_modules/fastify": {
      "version": "5.0.0",
      "resolved": "https://registry.npmjs.org/fastify/-/fastify-5.0.0.tgz",
      "integrity": "sha512-Qe4dU+zGI4pOO9R9xbeOjAf8GbXr3T3lbp5/PYQfJZAP6C5FJOwrEIhJPniWjKw/RHCKTr82+K9FJb8MnjwOPQ==",
      "dependencies": {
        "@fastify/ajv-compiler": "^4.0.0",
        "@fastify/error": "^4.0.0",
        "@fastify/fast-json-stringify-compiler": "^5.0.0",
        "abstract-logging": "^2.0.1",
        "avvio": "^9.0.0",
        "fast-content-type-parse": "^2.0.0",
        "fast-json-stringify": "^6.0.0",
        "find-my-way": "^9.0.0",
        "light-my-request": "^6.0.0",
        "pino": "^9.0.0",
        "process-warning": "^4.0.0",
        "proxy-addr": "^2.0.7",
        "rfdc": "^1.3.1",
        "secure-json-parse": "^2.7.0",
        "semver": "^7.6.0",
        "toad-cache": "^3.7.0"
      },
      "bin": {
        "fastify": "bin/fastify.js"
      },
      "engines": {
        "node": ">=18"
      }
    },
    "node_modules/ws": {
      "version": "8.18.0",
      "resolved": "https://registry.npmjs.org/ws/-/ws-8.18.0.tgz",
      "integrity": "sha512-8VbfWfHLbbwu3+N6OKsOMpBdT4kXPDDB9cJk2bJ6mh9ucxdlnNvH1e+roYkKmN9N7ySQ2lRZ0G3O7VO2TKnfQ==",
      "engines": {
        "node": ">=10.0.0"
      },
      "peerDependencies": {
        "bufferutil": "^4.0.1",
        "utf-8-validate": ">=5.0.2"
      },
      "peerDependenciesMeta": {
        "bufferutil": {
          "optional": true
        },
        "utf-8-validate": {
          "optional": true
        }
      }
    },
    "node_modules/nodemon": {
      "version": "3.0.2",
      "resolved": "https://registry.npmjs.org/nodemon/-/nodemon-3.0.2.tgz",
      "integrity": "sha512-9qIN2LNTrEzpOPBaWHTm4Asy1LxXLSickZStAQ4IZe7zsoIpD/A7LWxhZV3t4Zu352uBcqVnRsDXSMR2Sc3lTA==",
      "dev": true,
      "dependencies": {
        "chokidar": "^3.5.2",
        "debug": "^4.1.0",
        "ignore-by-default": "^1.0.1",
        "minimatch": "^3.1.2",
        "pstree.remy": "^1.1.8",
        "semver": "^7.5.3",
        "simple-update-notifier": "^2.0.0",
        "supports-color": "^5.5.0",
        "touch": "^3.1.0",
        "undefsafe": "^2.0.5"
      },
      "bin": {
        "nodemon": "bin/nodemon.js"
      },
      "engines": {
        "node": ">=14"
      },
      "funding": {
        "type": "opencollective",
        "url": "https://opencollective.com/nodemon"
      }
    },
    "node_modules/fast-querystring": {
      "version": "1.1.2",
      "resolved": "https://registry.npmjs.org/fast-querystring/-/fast-querystring-1.1.2.tgz",
      "integrity": "sha512-g6KuKWmFXc0fID8WWH0jit4g0AGBoJhCkJMb1RmbsSEUNvQ+ZC8D6CUZ+GtF8nMzSPXnhiePyyqqipzNNEnHjg==",
      "dependencies": {
        "fast-decode-uri-component": "^1.0.1"
      }
    },
    "node_modules/fast-decode-uri-component": {
      "version": "1.0.1",
      "resolved": "https://registry.npmjs.org/fast-decode-uri-component/-/fast-decode-uri-component-1.0.1.tgz",
      "integrity": "sha512-WKgKWg5eUxvRZGwW8FvfbaH7AXSh2cL+3j5fMGzUMCxWBJ3dV3a7Wz8y2f/uQ0e3B6WmodD3oS54jTQ9HVTIIg=="
    },
    "node_modules/fastify-plugin": {
      "version": "5.0.1",
      "resolved": "https://registry.npmjs.org/fastify-plugin/-/fastify-plugin-5.0.1.tgz",
      "integrity": "sha512-HCWjpKHKgn3SlF6F/NbJDRzT8OvvdOdKD/C4JHJiAKwRBRoBdBvOQBhH7VAlpAUVHCqYgUU0owhUDgKFftm4ag=="
    }
  }
}